{
  "lockfileVersion": 1,
  "workspaces": {
    "": {
      "name": "bun-remap",
      "devDependencies": {
        "@octokit/webhooks-methods": "^5.1.0",
        "@sentry/types": "^7.112.2",
        "@types/bun": "latest",
        "html-minifier": "^4.0.0",
        "lightningcss": "^1.24.1",
        "marked": "^12.0.1",
        "octokit": "^3.2.0",
        "prettier": "^3.2.5",
        "typescript": "^5.0.0",
      },
    },
  },
  "packages": {
    "@octokit/app": ["@octokit/app@14.1.0", "", { "dependencies": { "@octokit/auth-app": "^6.0.0", "@octokit/auth-unauthenticated": "^5.0.0", "@octokit/core": "^5.0.0", "@octokit/oauth-app": "^6.0.0", "@octokit/plugin-paginate-rest": "^9.0.0", "@octokit/types": "^12.0.0", "@octokit/webhooks": "^12.0.4" } }, "sha512-g3uEsGOQCBl1+W1rgfwoRFUIR6PtvB2T1E4RpygeUU5LrLvlOqcxrt5lfykIeRpUPpupreGJUYl70fqMDXdTpw=="],

    "@octokit/auth-app": ["@octokit/auth-app@6.1.1", "", { "dependencies": { "@octokit/auth-oauth-app": "^7.1.0", "@octokit/auth-oauth-user": "^4.1.0", "@octokit/request": "^8.3.1", "@octokit/request-error": "^5.1.0", "@octokit/types": "^13.1.0", "deprecation": "^2.3.1", "lru-cache": "^10.0.0", "universal-github-app-jwt": "^1.1.2", "universal-user-agent": "^6.0.0" } }, "sha512-VrTtzRpyuT5nYGUWeGWQqH//hqEZDV+/yb6+w5wmWpmmUA1Tx950XsAc2mBBfvusfcdF2E7w8jZ1r1WwvfZ9pA=="],

    "@octokit/auth-oauth-app": ["@octokit/auth-oauth-app@7.1.0", "", { "dependencies": { "@octokit/auth-oauth-device": "^6.1.0", "@octokit/auth-oauth-user": "^4.1.0", "@octokit/request": "^8.3.1", "@octokit/types": "^13.0.0", "@types/btoa-lite": "^1.0.0", "btoa-lite": "^1.0.0", "universal-user-agent": "^6.0.0" } }, "sha512-w+SyJN/b0l/HEb4EOPRudo7uUOSW51jcK1jwLa+4r7PA8FPFpoxEnHBHMITqCsc/3Vo2qqFjgQfz/xUUvsSQnA=="],

    "@octokit/auth-oauth-device": ["@octokit/auth-oauth-device@6.1.0", "", { "dependencies": { "@octokit/oauth-methods": "^4.1.0", "@octokit/request": "^8.3.1", "@octokit/types": "^13.0.0", "universal-user-agent": "^6.0.0" } }, "sha512-FNQ7cb8kASufd6Ej4gnJ3f1QB5vJitkoV1O0/g6e6lUsQ7+VsSNRHRmFScN2tV4IgKA12frrr/cegUs0t+0/Lw=="],

    "@octokit/auth-oauth-user": ["@octokit/auth-oauth-user@4.1.0", "", { "dependencies": { "@octokit/auth-oauth-device": "^6.1.0", "@octokit/oauth-methods": "^4.1.0", "@octokit/request": "^8.3.1", "@octokit/types": "^13.0.0", "btoa-lite": "^1.0.0", "universal-user-agent": "^6.0.0" } }, "sha512-FrEp8mtFuS/BrJyjpur+4GARteUCrPeR/tZJzD8YourzoVhRics7u7we/aDcKv+yywRNwNi/P4fRi631rG/OyQ=="],

    "@octokit/auth-token": ["@octokit/auth-token@4.0.0", "", {}, "sha512-tY/msAuJo6ARbK6SPIxZrPBms3xPbfwBrulZe0Wtr/DIY9lje2HeV1uoebShn6mx7SjCHif6EjMvoREj+gZ+SA=="],

    "@octokit/auth-unauthenticated": ["@octokit/auth-unauthenticated@5.0.1", "", { "dependencies": { "@octokit/request-error": "^5.0.0", "@octokit/types": "^12.0.0" } }, "sha512-oxeWzmBFxWd+XolxKTc4zr+h3mt+yofn4r7OfoIkR/Cj/o70eEGmPsFbueyJE2iBAGpjgTnEOKM3pnuEGVmiqg=="],

    "@octokit/core": ["@octokit/core@5.2.0", "", { "dependencies": { "@octokit/auth-token": "^4.0.0", "@octokit/graphql": "^7.1.0", "@octokit/request": "^8.3.1", "@octokit/request-error": "^5.1.0", "@octokit/types": "^13.0.0", "before-after-hook": "^2.2.0", "universal-user-agent": "^6.0.0" } }, "sha512-1LFfa/qnMQvEOAdzlQymH0ulepxbxnCYAKJZfMci/5XJyIHWgEYnDmgnKakbTh7CH2tFQ5O60oYDvns4i9RAIg=="],

    "@octokit/endpoint": ["@octokit/endpoint@9.0.5", "", { "dependencies": { "@octokit/types": "^13.1.0", "universal-user-agent": "^6.0.0" } }, "sha512-ekqR4/+PCLkEBF6qgj8WqJfvDq65RH85OAgrtnVp1mSxaXF03u2xW/hUdweGS5654IlC0wkNYC18Z50tSYTAFw=="],

    "@octokit/graphql": ["@octokit/graphql@7.1.0", "", { "dependencies": { "@octokit/request": "^8.3.0", "@octokit/types": "^13.0.0", "universal-user-agent": "^6.0.0" } }, "sha512-r+oZUH7aMFui1ypZnAvZmn0KSqAUgE1/tUXIWaqUCa1758ts/Jio84GZuzsvUkme98kv0WFY8//n0J1Z+vsIsQ=="],

    "@octokit/oauth-app": ["@octokit/oauth-app@6.1.0", "", { "dependencies": { "@octokit/auth-oauth-app": "^7.0.0", "@octokit/auth-oauth-user": "^4.0.0", "@octokit/auth-unauthenticated": "^5.0.0", "@octokit/core": "^5.0.0", "@octokit/oauth-authorization-url": "^6.0.2", "@octokit/oauth-methods": "^4.0.0", "@types/aws-lambda": "^8.10.83", "universal-user-agent": "^6.0.0" } }, "sha512-nIn/8eUJ/BKUVzxUXd5vpzl1rwaVxMyYbQkNZjHrF7Vk/yu98/YDF/N2KeWO7uZ0g3b5EyiFXFkZI8rJ+DH1/g=="],

    "@octokit/oauth-authorization-url": ["@octokit/oauth-authorization-url@6.0.2", "", {}, "sha512-CdoJukjXXxqLNK4y/VOiVzQVjibqoj/xHgInekviUJV73y/BSIcwvJ/4aNHPBPKcPWFnd4/lO9uqRV65jXhcLA=="],

    "@octokit/oauth-methods": ["@octokit/oauth-methods@4.1.0", "", { "dependencies": { "@octokit/oauth-authorization-url": "^6.0.2", "@octokit/request": "^8.3.1", "@octokit/request-error": "^5.1.0", "@octokit/types": "^13.0.0", "btoa-lite": "^1.0.0" } }, "sha512-4tuKnCRecJ6CG6gr0XcEXdZtkTDbfbnD5oaHBmLERTjTMZNi2CbfEHZxPU41xXLDG4DfKf+sonu00zvKI9NSbw=="],

    "@octokit/openapi-types": ["@octokit/openapi-types@20.0.0", "", {}, "sha512-EtqRBEjp1dL/15V7WiX5LJMIxxkdiGJnabzYx5Apx4FkQIFgAfKumXeYAqqJCj1s+BMX4cPFIFC4OLCR6stlnA=="],

    "@octokit/plugin-paginate-graphql": ["@octokit/plugin-paginate-graphql@4.0.1", "", { "peerDependencies": { "@octokit/core": ">=5" } }, "sha512-R8ZQNmrIKKpHWC6V2gum4x9LG2qF1RxRjo27gjQcG3j+vf2tLsEfE7I/wRWEPzYMaenr1M+qDAtNcwZve1ce1A=="],

    "@octokit/plugin-paginate-rest": ["@octokit/plugin-paginate-rest@9.2.1", "", { "dependencies": { "@octokit/types": "^12.6.0" }, "peerDependencies": { "@octokit/core": "5" } }, "sha512-wfGhE/TAkXZRLjksFXuDZdmGnJQHvtU/joFQdweXUgzo1XwvBCD4o4+75NtFfjfLK5IwLf9vHTfSiU3sLRYpRw=="],

    "@octokit/plugin-rest-endpoint-methods": ["@octokit/plugin-rest-endpoint-methods@10.4.1", "", { "dependencies": { "@octokit/types": "^12.6.0" }, "peerDependencies": { "@octokit/core": "5" } }, "sha512-xV1b+ceKV9KytQe3zCVqjg+8GTGfDYwaT1ATU5isiUyVtlVAO3HNdzpS4sr4GBx4hxQ46s7ITtZrAsxG22+rVg=="],

    "@octokit/plugin-retry": ["@octokit/plugin-retry@6.0.1", "", { "dependencies": { "@octokit/request-error": "^5.0.0", "@octokit/types": "^12.0.0", "bottleneck": "^2.15.3" }, "peerDependencies": { "@octokit/core": ">=5" } }, "sha512-SKs+Tz9oj0g4p28qkZwl/topGcb0k0qPNX/i7vBKmDsjoeqnVfFUquqrE/O9oJY7+oLzdCtkiWSXLpLjvl6uog=="],

    "@octokit/plugin-throttling": ["@octokit/plugin-throttling@8.2.0", "", { "dependencies": { "@octokit/types": "^12.2.0", "bottleneck": "^2.15.3" }, "peerDependencies": { "@octokit/core": "^5.0.0" } }, "sha512-nOpWtLayKFpgqmgD0y3GqXafMFuKcA4tRPZIfu7BArd2lEZeb1988nhWhwx4aZWmjDmUfdgVf7W+Tt4AmvRmMQ=="],

    "@octokit/request": ["@octokit/request@8.3.1", "", { "dependencies": { "@octokit/endpoint": "^9.0.1", "@octokit/request-error": "^5.1.0", "@octokit/types": "^13.0.0", "universal-user-agent": "^6.0.0" } }, "sha512-fin4cl5eHN5Ybmb/gtn7YZ+ycyUlcyqqkg5lfxeSChqj7sUt6TNaJPehREi+0PABKLREYL8pfaUhH3TicEWNoA=="],

    "@octokit/request-error": ["@octokit/request-error@5.1.0", "", { "dependencies": { "@octokit/types": "^13.1.0", "deprecation": "^2.0.0", "once": "^1.4.0" } }, "sha512-GETXfE05J0+7H2STzekpKObFe765O5dlAKUTLNGeH+x47z7JjXHfsHKo5z21D/o/IOZTUEI6nyWyR+bZVP/n5Q=="],

    "@octokit/types": ["@octokit/types@12.6.0", "", { "dependencies": { "@octokit/openapi-types": "^20.0.0" } }, "sha512-1rhSOfRa6H9w4YwK0yrf5faDaDTb+yLyBUKOCV4xtCDB5VmIPqd/v9yr9o6SAzOAlRxMiRiCic6JVM1/kunVkw=="],

    "@octokit/webhooks": ["@octokit/webhooks@12.2.0", "", { "dependencies": { "@octokit/request-error": "^5.0.0", "@octokit/webhooks-methods": "^4.1.0", "@octokit/webhooks-types": "7.4.0", "aggregate-error": "^3.1.0" } }, "sha512-CyuLJ0/P7bKZ+kIYw+fnkeVdhUzNuDKgNSI7pU/m7Nod0T7kP+s4s2f0pNmG9HL8/RZN1S0ZWTDll3VTMrFLAw=="],

    "@octokit/webhooks-methods": ["@octokit/webhooks-methods@5.1.0", "", {}, "sha512-yFZa3UH11VIxYnnoOYCVoJ3q4ChuSOk2IVBBQ0O3xtKX4x9bmKb/1t+Mxixv2iUhzMdOl1qeWJqEhouXXzB3rQ=="],

    "@octokit/webhooks-types": ["@octokit/webhooks-types@7.4.0", "", {}, "sha512-FE2V+QZ2UYlh+9wWd5BPLNXG+J/XUD/PPq0ovS+nCcGX4+3qVbi3jYOmCTW48hg9SBBLtInx9+o7fFt4H5iP0Q=="],

    "@sentry/types": ["@sentry/types@7.112.2", "", {}, "sha512-kCMLt7yhY5OkWE9MeowlTNmox9pqDxcpvqguMo4BDNZM5+v9SEb1AauAdR78E1a1V8TyCzjBD7JDfXWhvpYBcQ=="],

    "@types/aws-lambda": ["@types/aws-lambda@8.10.137", "", {}, "sha512-YNFwzVarXAOXkjuFxONyDw1vgRNzyH8AuyN19s0bM+ChSu/bzxb5XPxYFLXoqoM+tvgzwR3k7fXcEOW125yJxg=="],

    "@types/btoa-lite": ["@types/btoa-lite@1.0.2", "", {}, "sha512-ZYbcE2x7yrvNFJiU7xJGrpF/ihpkM7zKgw8bha3LNJSesvTtUNxbpzaT7WXBIryf6jovisrxTBvymxMeLLj1Mg=="],

    "@types/bun": ["@types/bun@1.0.12", "", { "dependencies": { "bun-types": "1.0.36" } }, "sha512-qPb5FcygbpSS1NDBjWyQCWeI9kKXwSYSR1Enu7yb+gMXgFwGMhlyOvgV/7FGrdvAjlSXWRY6IDepos7k8WzAtQ=="],

    "@types/jsonwebtoken": ["@types/jsonwebtoken@9.0.6", "", { "dependencies": { "@types/node": "*" } }, "sha512-/5hndP5dCjloafCXns6SZyESp3Ldq7YjH3zwzwczYnjxIT0Fqzk5ROSYVGfFyczIue7IUEj8hkvLbPoLQ18vQw=="],

    "@types/node": ["@types/node@20.11.30", "", { "dependencies": { "undici-types": "~5.26.4" } }, "sha512-dHM6ZxwlmuZaRmUPfv1p+KrdD1Dci04FbdEm/9wEMouFqxYoFl5aMkt0VMAUtYRQDyYvD41WJLukhq/ha3YuTw=="],

    "@types/ws": ["@types/ws@8.5.10", "", { "dependencies": { "@types/node": "*" } }, "sha512-vmQSUcfalpIq0R9q7uTo2lXs6eGIpt9wtnLdMv9LVpIjCA/+ufZRozlVoVelIYixx1ugCBKDhn89vnsEGOCx9A=="],

    "aggregate-error": ["aggregate-error@3.1.0", "", { "dependencies": { "clean-stack": "^2.0.0", "indent-string": "^4.0.0" } }, "sha512-4I7Td01quW/RpocfNayFdFVk1qSuoh0E7JrbRJ16nH01HhKFQ88INq9Sd+nd72zqRySlr9BmDA8xlEJ6vJMrYA=="],

    "before-after-hook": ["before-after-hook@2.2.3", "", {}, "sha512-NzUnlZexiaH/46WDhANlyR2bXRopNg4F/zuSA3OpZnllCUgRaOF2znDioDWrmbNVsuZk6l9pMquQB38cfBZwkQ=="],

    "bottleneck": ["bottleneck@2.19.5", "", {}, "sha512-VHiNCbI1lKdl44tGrhNfU3lup0Tj/ZBMJB5/2ZbNXRCPuRCO7ed2mgcK4r17y+KB2EfuYuRaVlwNbAeaWGSpbw=="],

    "btoa-lite": ["btoa-lite@1.0.0", "", {}, "sha512-gvW7InbIyF8AicrqWoptdW08pUxuhq8BEgowNajy9RhiE86fmGAGl+bLKo6oB8QP0CkqHLowfN0oJdKC/J6LbA=="],

    "buffer-equal-constant-time": ["buffer-equal-constant-time@1.0.1", "", {}, "sha512-zRpUiDwd/xk6ADqPMATG8vc9VPrkck7T07OIx0gnjmJAnHnTVXNQG3vfvWNuiZIkwu9KrKdA1iJKfsfTVxE6NA=="],

    "bun-types": ["bun-types@1.0.36", "", { "dependencies": { "@types/node": "~20.11.3", "@types/ws": "~8.5.10" } }, "sha512-gaIb1SyhB0JZfIEg73/kSFhqolUqJXC68peguhXGwqr27HuvI8nkD0LTIHp/1DY4cNadfXHYgYrZIWX7oEoXlg=="],

    "camel-case": ["camel-case@3.0.0", "", { "dependencies": { "no-case": "^2.2.0", "upper-case": "^1.1.1" } }, "sha512-+MbKztAYHXPr1jNTSKQF52VpcFjwY5RkR7fxksV8Doo4KAYc5Fl4UJRgthBbTmEx8C54DqahhbLJkDwjI3PI/w=="],

    "clean-css": ["clean-css@4.2.4", "", { "dependencies": { "source-map": "~0.6.0" } }, "sha512-EJUDT7nDVFDvaQgAo2G/PJvxmp1o/c6iXLbswsBbUFXi1Nr+AjA2cKmfbKDMjMvzEe75g3P6JkaDDAKk96A85A=="],

    "clean-stack": ["clean-stack@2.2.0", "", {}, "sha512-4diC9HaTE+KRAMWhDhrGOECgWZxoevMc5TlkObMqNSsVU62PYzXZ/SMTjzyGAFF1YusgxGcSWTEXBhp0CPwQ1A=="],

    "commander": ["commander@2.20.3", "", {}, "sha512-GpVkmM8vF2vQUkj2LvZmD35JxeJOLCwJ9cUkugyk2nuhbv3+mJvpLYYt+0+USMxE+oj+ey/lJEnhZw75x/OMcQ=="],

    "deprecation": ["deprecation@2.3.1", "", {}, "sha512-xmHIy4F3scKVwMsQ4WnVaS8bHOx0DmVwRywosKhaILI0ywMDWPtBSku2HNxRvF7jtwDRsoEwYQSfbxj8b7RlJQ=="],

    "detect-libc": ["detect-libc@1.0.3", "", { "bin": { "detect-libc": "./bin/detect-libc.js" } }, "sha512-pGjwhsmsp4kL2RTz08wcOlGN83otlqHeD/Z5T8GXZB+/YcpQ/dgo+lbU8ZsGxV0HIvqqxo9l7mqYwyYMD9bKDg=="],

    "ecdsa-sig-formatter": ["ecdsa-sig-formatter@1.0.11", "", { "dependencies": { "safe-buffer": "^5.0.1" } }, "sha512-nagl3RYrbNv6kQkeJIpt6NJZy8twLB/2vtz6yN9Z4vRKHN4/QZJIEbqohALSgwKdnksuY3k5Addp5lg8sVoVcQ=="],

    "he": ["he@1.2.0", "", { "bin": { "he": "bin/he" } }, "sha512-F/1DnUGPopORZi0ni+CvrCgHQ5FyEAHRLSApuYWMmrbSwoN2Mn/7k+Gl38gJnR7yyDZk6WLXwiGod1JOWNDKGw=="],

    "html-minifier": ["html-minifier@4.0.0", "", { "dependencies": { "camel-case": "^3.0.0", "clean-css": "^4.2.1", "commander": "^2.19.0", "he": "^1.2.0", "param-case": "^2.1.1", "relateurl": "^0.2.7", "uglify-js": "^3.5.1" }, "bin": { "html-minifier": "./cli.js" } }, "sha512-aoGxanpFPLg7MkIl/DDFYtb0iWz7jMFGqFhvEDZga6/4QTjneiD8I/NXL1x5aaoCp7FSIT6h/OhykDdPsbtMig=="],

    "indent-string": ["indent-string@4.0.0", "", {}, "sha512-EdDDZu4A2OyIK7Lr/2zG+w5jmbuk1DVBnEwREQvBzspBJkCEbRa8GxU1lghYcaGJCnRWibjDXlq779X1/y5xwg=="],

    "jsonwebtoken": ["jsonwebtoken@9.0.2", "", { "dependencies": { "jws": "^3.2.2", "lodash.includes": "^4.3.0", "lodash.isboolean": "^3.0.3", "lodash.isinteger": "^4.0.4", "lodash.isnumber": "^3.0.3", "lodash.isplainobject": "^4.0.6", "lodash.isstring": "^4.0.1", "lodash.once": "^4.0.0", "ms": "^2.1.1", "semver": "^7.5.4" } }, "sha512-PRp66vJ865SSqOlgqS8hujT5U4AOgMfhrwYIuIhfKaoSCZcirrmASQr8CX7cUg+RMih+hgznrjp99o+W4pJLHQ=="],

    "jwa": ["jwa@1.4.1", "", { "dependencies": { "buffer-equal-constant-time": "1.0.1", "ecdsa-sig-formatter": "1.0.11", "safe-buffer": "^5.0.1" } }, "sha512-qiLX/xhEEFKUAJ6FiBMbes3w9ATzyk5W7Hvzpa/SLYdxNtng+gcurvrI7TbACjIXlsJyr05/S1oUhZrc63evQA=="],

    "jws": ["jws@3.2.2", "", { "dependencies": { "jwa": "^1.4.1", "safe-buffer": "^5.0.1" } }, "sha512-YHlZCB6lMTllWDtSPHz/ZXTsi8S00usEV6v1tjq8tOUZzw7DpSDWVXjXDre6ed1w/pd495ODpHZYSdkRTsa0HA=="],

    "lightningcss": ["lightningcss@1.24.1", "", { "dependencies": { "detect-libc": "^1.0.3" }, "optionalDependencies": { "lightningcss-darwin-arm64": "1.24.1", "lightningcss-darwin-x64": "1.24.1", "lightningcss-freebsd-x64": "1.24.1", "lightningcss-linux-arm-gnueabihf": "1.24.1", "lightningcss-linux-arm64-gnu": "1.24.1", "lightningcss-linux-arm64-musl": "1.24.1", "lightningcss-linux-x64-gnu": "1.24.1", "lightningcss-linux-x64-musl": "1.24.1", "lightningcss-win32-x64-msvc": "1.24.1" } }, "sha512-kUpHOLiH5GB0ERSv4pxqlL0RYKnOXtgGtVe7shDGfhS0AZ4D1ouKFYAcLcZhql8aMspDNzaUCumGHZ78tb2fTg=="],

    "lightningcss-darwin-arm64": ["lightningcss-darwin-arm64@1.24.1", "", { "os": "darwin", "cpu": "arm64" }, "sha512-1jQ12jBy+AE/73uGQWGSafK5GoWgmSiIQOGhSEXiFJSZxzV+OXIx+a9h2EYHxdJfX864M+2TAxWPWb0Vv+8y4w=="],

    "lightningcss-darwin-x64": ["lightningcss-darwin-x64@1.24.1", "", { "os": "darwin", "cpu": "x64" }, "sha512-R4R1d7VVdq2mG4igMU+Di8GPf0b64ZLnYVkubYnGG0Qxq1KaXQtAzcLI43EkpnoWvB/kUg8JKCWH4S13NfiLcQ=="],

    "lightningcss-freebsd-x64": ["lightningcss-freebsd-x64@1.24.1", "", { "os": "freebsd", "cpu": "x64" }, "sha512-z6NberUUw5ALES6Ixn2shmjRRrM1cmEn1ZQPiM5IrZ6xHHL5a1lPin9pRv+w6eWfcrEo+qGG6R9XfJrpuY3e4g=="],

    "lightningcss-linux-arm-gnueabihf": ["lightningcss-linux-arm-gnueabihf@1.24.1", "", { "os": "linux", "cpu": "arm" }, "sha512-NLQLnBQW/0sSg74qLNI8F8QKQXkNg4/ukSTa+XhtkO7v3BnK19TS1MfCbDHt+TTdSgNEBv0tubRuapcKho2EWw=="],

    "lightningcss-linux-arm64-gnu": ["lightningcss-linux-arm64-gnu@1.24.1", "", { "os": "linux", "cpu": "arm64" }, "sha512-AQxWU8c9E9JAjAi4Qw9CvX2tDIPjgzCTrZCSXKELfs4mCwzxRkHh2RCxX8sFK19RyJoJAjA/Kw8+LMNRHS5qEg=="],

    "lightningcss-linux-arm64-musl": ["lightningcss-linux-arm64-musl@1.24.1", "", { "os": "linux", "cpu": "arm64" }, "sha512-JCgH/SrNrhqsguUA0uJUM1PvN5+dVuzPIlXcoWDHSv2OU/BWlj2dUYr3XNzEw748SmNZPfl2NjQrAdzaPOn1lA=="],

    "lightningcss-linux-x64-gnu": ["lightningcss-linux-x64-gnu@1.24.1", "", { "os": "linux", "cpu": "x64" }, "sha512-TYdEsC63bHV0h47aNRGN3RiK7aIeco3/keN4NkoSQ5T8xk09KHuBdySltWAvKLgT8JvR+ayzq8ZHnL1wKWY0rw=="],

    "lightningcss-linux-x64-musl": ["lightningcss-linux-x64-musl@1.24.1", "", { "os": "linux", "cpu": "x64" }, "sha512-HLfzVik3RToot6pQ2Rgc3JhfZkGi01hFetHt40HrUMoeKitLoqUUT5owM6yTZPTytTUW9ukLBJ1pc3XNMSvlLw=="],

    "lightningcss-win32-x64-msvc": ["lightningcss-win32-x64-msvc@1.24.1", "", { "os": "win32", "cpu": "x64" }, "sha512-joEupPjYJ7PjZtDsS5lzALtlAudAbgIBMGJPNeFe5HfdmJXFd13ECmEM+5rXNxYVMRHua2w8132R6ab5Z6K9Ow=="],

    "lodash.includes": ["lodash.includes@4.3.0", "", {}, "sha512-W3Bx6mdkRTGtlJISOvVD/lbqjTlPPUDTMnlXZFnVwi9NKJ6tiAk6LVdlhZMm17VZisqhKcgzpO5Wz91PCt5b0w=="],

    "lodash.isboolean": ["lodash.isboolean@3.0.3", "", {}, "sha512-Bz5mupy2SVbPHURB98VAcw+aHh4vRV5IPNhILUCsOzRmsTmSQ17jIuqopAentWoehktxGd9e/hbIXq980/1QJg=="],

    "lodash.isinteger": ["lodash.isinteger@4.0.4", "", {}, "sha512-DBwtEWN2caHQ9/imiNeEA5ys1JoRtRfY3d7V9wkqtbycnAmTvRRmbHKDV4a0EYc678/dia0jrte4tjYwVBaZUA=="],

    "lodash.isnumber": ["lodash.isnumber@3.0.3", "", {}, "sha512-QYqzpfwO3/CWf3XP+Z+tkQsfaLL/EnUlXWVkIk5FUPc4sBdTehEqZONuyRt2P67PXAk+NXmTBcc97zw9t1FQrw=="],

    "lodash.isplainobject": ["lodash.isplainobject@4.0.6", "", {}, "sha512-oSXzaWypCMHkPC3NvBEaPHf0KsA5mvPrOPgQWDsbg8n7orZ290M0BmC/jgRZ4vcJ6DTAhjrsSYgdsW/F+MFOBA=="],

    "lodash.isstring": ["lodash.isstring@4.0.1", "", {}, "sha512-0wJxfxH1wgO3GrbuP+dTTk7op+6L41QCXbGINEmD+ny/G/eCqGzxyCsh7159S+mgDDcoarnBw6PC1PS5+wUGgw=="],

    "lodash.once": ["lodash.once@4.1.1", "", {}, "sha512-Sb487aTOCr9drQVL8pIxOzVhafOjZN9UU54hiN8PU3uAiSV7lx1yYNpbNmex2PK6dSJoNTSJUUswT651yww3Mg=="],

    "lower-case": ["lower-case@1.1.4", "", {}, "sha512-2Fgx1Ycm599x+WGpIYwJOvsjmXFzTSc34IwDWALRA/8AopUKAVPwfJ+h5+f85BCp0PWmmJcWzEpxOpoXycMpdA=="],

    "lru-cache": ["lru-cache@10.2.0", "", {}, "sha512-2bIM8x+VAf6JT4bKAljS1qUWgMsqZRPGJS6FSahIMPVvctcNhyVp7AJu7quxOW9jwkryBReKZY5tY5JYv2n/7Q=="],

    "marked": ["marked@12.0.1", "", { "bin": { "marked": "bin/marked.js" } }, "sha512-Y1/V2yafOcOdWQCX0XpAKXzDakPOpn6U0YLxTJs3cww6VxOzZV1BTOOYWLvH3gX38cq+iLwljHHTnMtlDfg01Q=="],

    "ms": ["ms@2.1.3", "", {}, "sha512-6FlzubTLZG3J2a/NVCAleEhjzq5oxgHyaCU9yYXvcLsvoVaHJq/s5xXI6/XXP6tz7R9xAOtHnSO/tXtF3WRTlA=="],

    "no-case": ["no-case@2.3.2", "", { "dependencies": { "lower-case": "^1.1.1" } }, "sha512-rmTZ9kz+f3rCvK2TD1Ue/oZlns7OGoIWP4fc3llxxRXlOkHKoWPPWJOfFYpITabSow43QJbRIoHQXtt10VldyQ=="],

    "octokit": ["octokit@3.2.0", "", { "dependencies": { "@octokit/app": "^14.0.2", "@octokit/core": "^5.0.0", "@octokit/oauth-app": "^6.0.0", "@octokit/plugin-paginate-graphql": "^4.0.0", "@octokit/plugin-paginate-rest": "^9.0.0", "@octokit/plugin-rest-endpoint-methods": "^10.0.0", "@octokit/plugin-retry": "^6.0.0", "@octokit/plugin-throttling": "^8.0.0", "@octokit/request-error": "^5.0.0", "@octokit/types": "^12.0.0" } }, "sha512-f25eJ/8ITwF2BdwymOjK9I5ll9Azt8UbfHE2u5ho0gVdgfpIZkUgMGbQjbvgOYGbtIAYxh7ghH3BUbZrYal1Gw=="],

    "once": ["once@1.4.0", "", { "dependencies": { "wrappy": "1" } }, "sha512-lNaJgI+2Q5URQBkccEKHTQOPaXdUxnZZElQTZY0MFUAuaEqe1E+Nyvgdz/aIyNi6Z9MzO5dv1H8n58/GELp3+w=="],

    "param-case": ["param-case@2.1.1", "", { "dependencies": { "no-case": "^2.2.0" } }, "sha512-eQE845L6ot89sk2N8liD8HAuH4ca6Vvr7VWAWwt7+kvvG5aBcPmmphQ68JsEG2qa9n1TykS2DLeMt363AAH8/w=="],

    "prettier": ["prettier@3.2.5", "", { "bin": { "prettier": "bin/prettier.cjs" } }, "sha512-3/GWa9aOC0YeD7LUfvOG2NiDyhOWRvt1k+rcKhOuYnMY24iiCphgneUfJDyFXd6rZCAnuLBv6UeAULtrhT/F4A=="],

    "relateurl": ["relateurl@0.2.7", "", {}, "sha512-G08Dxvm4iDN3MLM0EsP62EDV9IuhXPR6blNz6Utcp7zyV3tr4HVNINt6MpaRWbxoOHT3Q7YN2P+jaHX8vUbgog=="],

    "safe-buffer": ["safe-buffer@5.2.1", "", {}, "sha512-rp3So07KcdmmKbGvgaNxQSJr7bGVSVk5S9Eq1F+ppbRo70+YeaDxkw5Dd8NPN+GD6bjnYm2VuPuCXmpuYvmCXQ=="],

    "semver": ["semver@7.6.0", "", { "dependencies": { "lru-cache": "^6.0.0" }, "bin": { "semver": "bin/semver.js" } }, "sha512-EnwXhrlwXMk9gKu5/flx5sv/an57AkRplG3hTK68W7FRDN+k+OWBj65M7719OkA82XLBxrcX0KSHj+X5COhOVg=="],

    "source-map": ["source-map@0.6.1", "", {}, "sha512-UjgapumWlbMhkBgzT7Ykc5YXUT46F0iKu8SGXq0bcwP5dz/h0Plj6enJqjz1Zbq2l5WaqYnrVbwWOWMyF3F47g=="],

    "typescript": ["typescript@5.4.4", "", { "bin": { "tsc": "bin/tsc", "tsserver": "bin/tsserver" } }, "sha512-dGE2Vv8cpVvw28v8HCPqyb08EzbBURxDpuhJvTrusShUfGnhHBafDsLdS1EhhxyL6BJQE+2cT3dDPAv+MQ6oLw=="],

    "uglify-js": ["uglify-js@3.17.4", "", { "bin": { "uglifyjs": "bin/uglifyjs" } }, "sha512-T9q82TJI9e/C1TAxYvfb16xO120tMVFZrGA3f9/P4424DNu6ypK103y0GPFVa17yotwSyZW5iYXgjYHkGrJW/g=="],

    "undici-types": ["undici-types@5.26.5", "", {}, "sha512-JlCMO+ehdEIKqlFxk6IfVoAUVmgz7cU7zD/h9XZ0qzeosSHmUJVOzSQvvYSYWXkFXC+IfLKSIffhv0sVZup6pA=="],

    "universal-github-app-jwt": ["universal-github-app-jwt@1.1.2", "", { "dependencies": { "@types/jsonwebtoken": "^9.0.0", "jsonwebtoken": "^9.0.2" } }, "sha512-t1iB2FmLFE+yyJY9+3wMx0ejB+MQpEVkH0gQv7dR6FZyltyq+ZZO0uDpbopxhrZ3SLEO4dCEkIujOMldEQ2iOA=="],

    "universal-user-agent": ["universal-user-agent@6.0.1", "", {}, "sha512-yCzhz6FN2wU1NiiQRogkTQszlQSlpWaw8SvVegAc+bDxbzHgh1vX8uIe8OYyMH6DwH+sdTJsgMl36+mSMdRJIQ=="],

    "upper-case": ["upper-case@1.1.3", "", {}, "sha512-WRbjgmYzgXkCV7zNVpy5YgrHgbBv126rMALQQMrmzOVC4GM2waQ9x7xtm8VU+1yF2kWyPzI9zbZ48n4vSxwfSA=="],

    "wrappy": ["wrappy@1.0.2", "", {}, "sha512-l4Sp/DRseor9wL6EvV2+TuQn63dMkPjZ/sp9XkghTEbV9KlPS1xUsZ3u7/IQO4wxtcFB4bgpQPRcR3QCvezPcQ=="],

    "yallist": ["yallist@4.0.0", "", {}, "sha512-3wdGidZyq5PB084XLES5TpOSRA3wjXAlIWMhum2kRcv/41Sn2emQ0dycQW4uZXLejwKvg6EsvbdlVL+FYEct7A=="],

    "@octokit/auth-app/@octokit/types": ["@octokit/types@13.2.0", "", { "dependencies": { "@octokit/openapi-types": "^22.0.0" } }, "sha512-K4rpfbIQLe4UimS/PWZAcImhZUC80lhe2f1NpAaaTulPJXv54QIAFFCQEEbdQdqTV/745QDmdvp8NI49LaI00A=="],

    "@octokit/auth-oauth-app/@octokit/types": ["@octokit/types@13.2.0", "", { "dependencies": { "@octokit/openapi-types": "^22.0.0" } }, "sha512-K4rpfbIQLe4UimS/PWZAcImhZUC80lhe2f1NpAaaTulPJXv54QIAFFCQEEbdQdqTV/745QDmdvp8NI49LaI00A=="],

    "@octokit/auth-oauth-device/@octokit/types": ["@octokit/types@13.2.0", "", { "dependencies": { "@octokit/openapi-types": "^22.0.0" } }, "sha512-K4rpfbIQLe4UimS/PWZAcImhZUC80lhe2f1NpAaaTulPJXv54QIAFFCQEEbdQdqTV/745QDmdvp8NI49LaI00A=="],

    "@octokit/auth-oauth-user/@octokit/types": ["@octokit/types@13.2.0", "", { "dependencies": { "@octokit/openapi-types": "^22.0.0" } }, "sha512-K4rpfbIQLe4UimS/PWZAcImhZUC80lhe2f1NpAaaTulPJXv54QIAFFCQEEbdQdqTV/745QDmdvp8NI49LaI00A=="],

    "@octokit/core/@octokit/types": ["@octokit/types@13.2.0", "", { "dependencies": { "@octokit/openapi-types": "^22.0.0" } }, "sha512-K4rpfbIQLe4UimS/PWZAcImhZUC80lhe2f1NpAaaTulPJXv54QIAFFCQEEbdQdqTV/745QDmdvp8NI49LaI00A=="],

    "@octokit/endpoint/@octokit/types": ["@octokit/types@13.2.0", "", { "dependencies": { "@octokit/openapi-types": "^22.0.0" } }, "sha512-K4rpfbIQLe4UimS/PWZAcImhZUC80lhe2f1NpAaaTulPJXv54QIAFFCQEEbdQdqTV/745QDmdvp8NI49LaI00A=="],

    "@octokit/graphql/@octokit/types": ["@octokit/types@13.2.0", "", { "dependencies": { "@octokit/openapi-types": "^22.0.0" } }, "sha512-K4rpfbIQLe4UimS/PWZAcImhZUC80lhe2f1NpAaaTulPJXv54QIAFFCQEEbdQdqTV/745QDmdvp8NI49LaI00A=="],

    "@octokit/oauth-methods/@octokit/types": ["@octokit/types@13.2.0", "", { "dependencies": { "@octokit/openapi-types": "^22.0.0" } }, "sha512-K4rpfbIQLe4UimS/PWZAcImhZUC80lhe2f1NpAaaTulPJXv54QIAFFCQEEbdQdqTV/745QDmdvp8NI49LaI00A=="],

    "@octokit/request/@octokit/types": ["@octokit/types@13.2.0", "", { "dependencies": { "@octokit/openapi-types": "^22.0.0" } }, "sha512-K4rpfbIQLe4UimS/PWZAcImhZUC80lhe2f1NpAaaTulPJXv54QIAFFCQEEbdQdqTV/745QDmdvp8NI49LaI00A=="],

    "@octokit/request-error/@octokit/types": ["@octokit/types@13.2.0", "", { "dependencies": { "@octokit/openapi-types": "^22.0.0" } }, "sha512-K4rpfbIQLe4UimS/PWZAcImhZUC80lhe2f1NpAaaTulPJXv54QIAFFCQEEbdQdqTV/745QDmdvp8NI49LaI00A=="],

    "@octokit/webhooks/@octokit/webhooks-methods": ["@octokit/webhooks-methods@4.1.0", "", {}, "sha512-zoQyKw8h9STNPqtm28UGOYFE7O6D4Il8VJwhAtMHFt2C4L0VQT1qGKLeefUOqHNs1mNRYSadVv7x0z8U2yyeWQ=="],

    "semver/lru-cache": ["lru-cache@6.0.0", "", { "dependencies": { "yallist": "^4.0.0" } }, "sha512-Jo6dJ04CmSjuznwJSS3pUeWmd/H0ffTlkXXgwZi+eq1UCmqQwCh+eLsYOYCwY991i2Fah4h1BEMCx4qThGbsiA=="],

    "@octokit/auth-app/@octokit/types/@octokit/openapi-types": ["@octokit/openapi-types@22.0.0", "", {}, "sha512-kWzSxSIBjCtwrT8/O/A/nrSjmHvR5I9GGTHPyBU19VuEae+QZfaPnnfLwXgV56n51xHN3U2dYy8zh/kO9/39ig=="],

    "@octokit/auth-oauth-app/@octokit/types/@octokit/openapi-types": ["@octokit/openapi-types@22.0.0", "", {}, "sha512-kWzSxSIBjCtwrT8/O/A/nrSjmHvR5I9GGTHPyBU19VuEae+QZfaPnnfLwXgV56n51xHN3U2dYy8zh/kO9/39ig=="],

    "@octokit/auth-oauth-device/@octokit/types/@octokit/openapi-types": ["@octokit/openapi-types@22.0.0", "", {}, "sha512-kWzSxSIBjCtwrT8/O/A/nrSjmHvR5I9GGTHPyBU19VuEae+QZfaPnnfLwXgV56n51xHN3U2dYy8zh/kO9/39ig=="],

    "@octokit/auth-oauth-user/@octokit/types/@octokit/openapi-types": ["@octokit/openapi-types@22.0.0", "", {}, "sha512-kWzSxSIBjCtwrT8/O/A/nrSjmHvR5I9GGTHPyBU19VuEae+QZfaPnnfLwXgV56n51xHN3U2dYy8zh/kO9/39ig=="],

    "@octokit/core/@octokit/types/@octokit/openapi-types": ["@octokit/openapi-types@22.0.0", "", {}, "sha512-kWzSxSIBjCtwrT8/O/A/nrSjmHvR5I9GGTHPyBU19VuEae+QZfaPnnfLwXgV56n51xHN3U2dYy8zh/kO9/39ig=="],

    "@octokit/endpoint/@octokit/types/@octokit/openapi-types": ["@octokit/openapi-types@22.0.0", "", {}, "sha512-kWzSxSIBjCtwrT8/O/A/nrSjmHvR5I9GGTHPyBU19VuEae+QZfaPnnfLwXgV56n51xHN3U2dYy8zh/kO9/39ig=="],

    "@octokit/graphql/@octokit/types/@octokit/openapi-types": ["@octokit/openapi-types@22.0.0", "", {}, "sha512-kWzSxSIBjCtwrT8/O/A/nrSjmHvR5I9GGTHPyBU19VuEae+QZfaPnnfLwXgV56n51xHN3U2dYy8zh/kO9/39ig=="],

    "@octokit/oauth-methods/@octokit/types/@octokit/openapi-types": ["@octokit/openapi-types@22.0.0", "", {}, "sha512-kWzSxSIBjCtwrT8/O/A/nrSjmHvR5I9GGTHPyBU19VuEae+QZfaPnnfLwXgV56n51xHN3U2dYy8zh/kO9/39ig=="],

    "@octokit/request-error/@octokit/types/@octokit/openapi-types": ["@octokit/openapi-types@22.0.0", "", {}, "sha512-kWzSxSIBjCtwrT8/O/A/nrSjmHvR5I9GGTHPyBU19VuEae+QZfaPnnfLwXgV56n51xHN3U2dYy8zh/kO9/39ig=="],

    "@octokit/request/@octokit/types/@octokit/openapi-types": ["@octokit/openapi-types@22.0.0", "", {}, "sha512-kWzSxSIBjCtwrT8/O/A/nrSjmHvR5I9GGTHPyBU19VuEae+QZfaPnnfLwXgV56n51xHN3U2dYy8zh/kO9/39ig=="],
  }
}
